{
  "name": "ai-sdlc",
  "version": "0.1.1",
  "lockfileVersion": 3,
  "requires": true,
  "packages": {
    "": {
      "name": "ai-sdlc",
      "version": "0.1.1",
      "license": "UNLICENSED",
      "bin": {
        "ai-sdlc": "bin/ai-sdlc.js"
      },
      "engines": {
        "node": ">=18"
      }
    }
  }
}
